{
  "originHash" : "dc87bfbcad2681baad2378dfb29ca547342e0d5a4b8765f058a5850ebf5959f7",
  "pins" : [
    {
      "identity" : "factory",
      "kind" : "remoteSourceControl",
      "location" : "https://github.com/hmlongco/Factory",
      "state" : {
        "revision" : "ccc898f21992ebc130bc04cc197460a5ae230bcf",
        "version" : "2.5.3"
      }
    }
  ],
  "version" : 3
}
